// !$*UTF8*$!
{
	archiveVersion = 1;
	classes = {
	};
	objectVersion = 55;
	objects = {

/* Begin PBXBuildFile section */
		9522595427D6B24E009D61BB /* GeoMapApp.swift in Sources */ = {isa = PBXBuildFile; fileRef = 9522595327D6B24E009D61BB /* GeoMapApp.swift */; };
		9522595627D6B24E009D61BB /* ContentView.swift in Sources */ = {isa = PBXBuildFile; fileRef = 9522595527D6B24E009D61BB /* ContentView.swift */; };
		9522595827D6B24E009D61BB /* Assets.xcassets in Resources */ = {isa = PBXBuildFile; fileRef = 9522595727D6B24E009D61BB /* Assets.xcassets */; };
		9522595B27D6B24E009D61BB /* Preview Assets.xcassets in Resources */ = {isa = PBXBuildFile; fileRef = 9522595A27D6B24E009D61BB /* Preview Assets.xcassets */; };
		95D364C227F88E530031B668 /* HiddenListView.swift in Sources */ = {isa = PBXBuildFile; fileRef = 95D364C127F88E530031B668 /* HiddenListView.swift */; };
		95DF1E3027D7BCC90089E203 /* Location.swift in Sources */ = {isa = PBXBuildFile; fileRef = 95DF1E2F27D7BCC90089E203 /* Location.swift */; };
		95DF1E3227D7C01E0089E203 /* MapViewModel.swift in Sources */ = {isa = PBXBuildFile; fileRef = 95DF1E3127D7C01E0089E203 /* MapViewModel.swift */; };
		A33FD92D27F45D7E0010FC5B /* itemModel.swift in Sources */ = {isa = PBXBuildFile; fileRef = A33FD92C27F45D7E0010FC5B /* itemModel.swift */; };
		A33FD92F27F466EA0010FC5B /* ListViewModel.swift in Sources */ = {isa = PBXBuildFile; fileRef = A33FD92E27F466EA0010FC5B /* ListViewModel.swift */; };
		A3D19C6D27F44EA800C41A08 /* ListRowView.swift in Sources */ = {isa = PBXBuildFile; fileRef = A3D19C6C27F44EA800C41A08 /* ListRowView.swift */; };
		A3D19C6F27F44FEA00C41A08 /* AddView.swift in Sources */ = {isa = PBXBuildFile; fileRef = A3D19C6E27F44FEA00C41A08 /* AddView.swift */; };
/* End PBXBuildFile section */

/* Begin PBXFileReference section */
		9522595027D6B24E009D61BB /* GeoMap.app */ = {isa = PBXFileReference; explicitFileType = wrapper.application; includeInIndex = 0; path = GeoMap.app; sourceTree = BUILT_PRODUCTS_DIR; };
		9522595327D6B24E009D61BB /* GeoMapApp.swift */ = {isa = PBXFileReference; lastKnownFileType = sourcecode.swift; path = GeoMapApp.swift; sourceTree = "<group>"; };
		9522595527D6B24E009D61BB /* ContentView.swift */ = {isa = PBXFileReference; lastKnownFileType = sourcecode.swift; path = ContentView.swift; sourceTree = "<group>"; };
		9522595727D6B24E009D61BB /* Assets.xcassets */ = {isa = PBXFileReference; lastKnownFileType = folder.assetcatalog; path = Assets.xcassets; sourceTree = "<group>"; };
		9522595A27D6B24E009D61BB /* Preview Assets.xcassets */ = {isa = PBXFileReference; lastKnownFileType = folder.assetcatalog; path = "Preview Assets.xcassets"; sourceTree = "<group>"; };
		95D364C127F88E530031B668 /* HiddenListView.swift */ = {isa = PBXFileReference; lastKnownFileType = sourcecode.swift; path = HiddenListView.swift; sourceTree = "<group>"; };
		95DF1E2F27D7BCC90089E203 /* Location.swift */ = {isa = PBXFileReference; lastKnownFileType = sourcecode.swift; path = Location.swift; sourceTree = "<group>"; };
		95DF1E3127D7C01E0089E203 /* MapViewModel.swift */ = {isa = PBXFileReference; lastKnownFileType = sourcecode.swift; path = MapViewModel.swift; sourceTree = "<group>"; };
		A33FD92C27F45D7E0010FC5B /* itemModel.swift */ = {isa = PBXFileReference; lastKnownFileType = sourcecode.swift; path = itemModel.swift; sourceTree = "<group>"; };
		A33FD92E27F466EA0010FC5B /* ListViewModel.swift */ = {isa = PBXFileReference; lastKnownFileType = sourcecode.swift; path = ListViewModel.swift; sourceTree = "<group>"; };
		A3D19C6C27F44EA800C41A08 /* ListRowView.swift */ = {isa = PBXFileReference; lastKnownFileType = sourcecode.swift; path = ListRowView.swift; sourceTree = "<group>"; };
		A3D19C6E27F44FEA00C41A08 /* AddView.swift */ = {isa = PBXFileReference; lastKnownFileType = sourcecode.swift; path = AddView.swift; sourceTree = "<group>"; };
/* End PBXFileReference section */

/* Begin PBXFrameworksBuildPhase section */
		9522594D27D6B24E009D61BB /* Frameworks */ = {
			isa = PBXFrameworksBuildPhase;
			buildActionMask = 2147483647;
			files = (
			);
			runOnlyForDeploymentPostprocessing = 0;
		};
/* End PBXFrameworksBuildPhase section */

/* Begin PBXGroup section */
		9522594727D6B24E009D61BB = {
			isa = PBXGroup;
			children = (
				9522595227D6B24E009D61BB /* GeoMap */,
				9522595127D6B24E009D61BB /* Products */,
			);
			sourceTree = "<group>";
		};
		9522595127D6B24E009D61BB /* Products */ = {
			isa = PBXGroup;
			children = (
				9522595027D6B24E009D61BB /* GeoMap.app */,
			);
			name = Products;
			sourceTree = "<group>";
		};
		9522595227D6B24E009D61BB /* GeoMap */ = {
			isa = PBXGroup;
			children = (
				A33FD92927F45CE50010FC5B /* Views */,
				A33FD92827F45CC20010FC5B /* Models */,
				9522595327D6B24E009D61BB /* GeoMapApp.swift */,
				A33FD92C27F45D7E0010FC5B /* itemModel.swift */,
				9522595527D6B24E009D61BB /* ContentView.swift */,
				95D364C127F88E530031B668 /* HiddenListView.swift */,
				A3D19C6C27F44EA800C41A08 /* ListRowView.swift */,
				A3D19C6E27F44FEA00C41A08 /* AddView.swift */,
				95DF1E3127D7C01E0089E203 /* MapViewModel.swift */,
				95DF1E2F27D7BCC90089E203 /* Location.swift */,
				9522595727D6B24E009D61BB /* Assets.xcassets */,
				9522595927D6B24E009D61BB /* Preview Content */,
				A33FD92E27F466EA0010FC5B /* ListViewModel.swift */,
			);
			path = GeoMap;
			sourceTree = "<group>";
		};
		9522595927D6B24E009D61BB /* Preview Content */ = {
			isa = PBXGroup;
			children = (
				9522595A27D6B24E009D61BB /* Preview Assets.xcassets */,
			);
			path = "Preview Content";
			sourceTree = "<group>";
		};
		A33FD92827F45CC20010FC5B /* Models */ = {
			isa = PBXGroup;
			children = (
			);
			path = Models;
			sourceTree = "<group>";
		};
		A33FD92927F45CE50010FC5B /* Views */ = {
			isa = PBXGroup;
			children = (
			);
			path = Views;
			sourceTree = "<group>";
		};
/* End PBXGroup section */

/* Begin PBXNativeTarget section */
		9522594F27D6B24E009D61BB /* GeoMap */ = {
			isa = PBXNativeTarget;
			buildConfigurationList = 9522595E27D6B24E009D61BB /* Build configuration list for PBXNativeTarget "GeoMap" */;
			buildPhases = (
				9522594C27D6B24E009D61BB /* Sources */,
				9522594D27D6B24E009D61BB /* Frameworks */,
				9522594E27D6B24E009D61BB /* Resources */,
			);
			buildRules = (
			);
			dependencies = (
			);
			name = GeoMap;
			productName = GeoMap;
			productReference = 9522595027D6B24E009D61BB /* GeoMap.app */;
			productType = "com.apple.product-type.application";
		};
/* End PBXNativeTarget section */

/* Begin PBXProject section */
		9522594827D6B24E009D61BB /* Project object */ = {
			isa = PBXProject;
			attributes = {
				BuildIndependentTargetsInParallel = 1;
				LastSwiftUpdateCheck = 1320;
				LastUpgradeCheck = 1320;
				TargetAttributes = {
					9522594F27D6B24E009D61BB = {
						CreatedOnToolsVersion = 13.2.1;
					};
				};
			};
			buildConfigurationList = 9522594B27D6B24E009D61BB /* Build configuration list for PBXProject "GeoMap" */;
			compatibilityVersion = "Xcode 13.0";
			developmentRegion = en;
			hasScannedForEncodings = 0;
			knownRegions = (
				en,
				Base,
			);
			mainGroup = 9522594727D6B24E009D61BB;
			productRefGroup = 9522595127D6B24E009D61BB /* Products */;
			projectDirPath = "";
			projectRoot = "";
			targets = (
				9522594F27D6B24E009D61BB /* GeoMap */,
			);
		};
/* End PBXProject section */

/* Begin PBXResourcesBuildPhase section */
		9522594E27D6B24E009D61BB /* Resources */ = {
			isa = PBXResourcesBuildPhase;
			buildActionMask = 2147483647;
			files = (
				9522595B27D6B24E009D61BB /* Preview Assets.xcassets in Resources */,
				9522595827D6B24E009D61BB /* Assets.xcassets in Resources */,
			);
			runOnlyForDeploymentPostprocessing = 0;
		};
/* End PBXResourcesBuildPhase section */

/* Begin PBXSourcesBuildPhase section */
		9522594C27D6B24E009D61BB /* Sources */ = {
			isa = PBXSourcesBuildPhase;
			buildActionMask = 2147483647;
			files = (
				95D364C227F88E530031B668 /* HiddenListView.swift in Sources */,
				9522595627D6B24E009D61BB /* ContentView.swift in Sources */,
				95DF1E3027D7BCC90089E203 /* Location.swift in Sources */,
				A3D19C6F27F44FEA00C41A08 /* AddView.swift in Sources */,
				A3D19C6D27F44EA800C41A08 /* ListRowView.swift in Sources */,
				A33FD92D27F45D7E0010FC5B /* itemModel.swift in Sources */,
				9522595427D6B24E009D61BB /* GeoMapApp.swift in Sources */,
				A33FD92F27F466EA0010FC5B /* ListViewModel.swift in Sources */,
				95DF1E3227D7C01E0089E203 /* MapViewModel.swift in Sources */,
			);
			runOnlyForDeploymentPostprocessing = 0;
		};
/* End PBXSourcesBuildPhase section */

/* Begin XCBuildConfiguration section */
		9522595C27D6B24E009D61BB /* Debug */ = {
			isa = XCBuildConfiguration;
			buildSettings = {
				ALWAYS_SEARCH_USER_PATHS = NO;
				CLANG_ANALYZER_NONNULL = YES;
				CLANG_ANALYZER_NUMBER_OBJECT_CONVERSION = YES_AGGRESSIVE;
				CLANG_CXX_LANGUAGE_STANDARD = "gnu++17";
				CLANG_CXX_LIBRARY = "libc++";
				CLANG_ENABLE_MODULES = YES;
				CLANG_ENABLE_OBJC_ARC = YES;
				CLANG_ENABLE_OBJC_WEAK = YES;
				CLANG_WARN_BLOCK_CAPTURE_AUTORELEASING = YES;
				CLANG_WARN_BOOL_CONVERSION = YES;
				CLANG_WARN_COMMA = YES;
				CLANG_WARN_CONSTANT_CONVERSION = YES;
				CLANG_WARN_DEPRECATED_OBJC_IMPLEMENTATIONS = YES;
				CLANG_WARN_DIRECT_OBJC_ISA_USAGE = YES_ERROR;
				CLANG_WARN_DOCUMENTATION_COMMENTS = YES;
				CLANG_WARN_EMPTY_BODY = YES;
				CLANG_WARN_ENUM_CONVERSION = YES;
				CLANG_WARN_INFINITE_RECURSION = YES;
				CLANG_WARN_INT_CONVERSION = YES;
				CLANG_WARN_NON_LITERAL_NULL_CONVERSION = YES;
				CLANG_WARN_OBJC_IMPLICIT_RETAIN_SELF = YES;
				CLANG_WARN_OBJC_LITERAL_CONVERSION = YES;
				CLANG_WARN_OBJC_ROOT_CLASS = YES_ERROR;
				CLANG_WARN_QUOTED_INCLUDE_IN_FRAMEWORK_HEADER = YES;
				CLANG_WARN_RANGE_LOOP_ANALYSIS = YES;
				CLANG_WARN_STRICT_PROTOTYPES = YES;
				CLANG_WARN_SUSPICIOUS_MOVE = YES;
				CLANG_WARN_UNGUARDED_AVAILABILITY = YES_AGGRESSIVE;
				CLANG_WARN_UNREACHABLE_CODE = YES;
				CLANG_WARN__DUPLICATE_METHOD_MATCH = YES;
				COPY_PHASE_STRIP = NO;
				DEBUG_INFORMATION_FORMAT = dwarf;
				ENABLE_STRICT_OBJC_MSGSEND = YES;
				ENABLE_TESTABILITY = YES;
				GCC_C_LANGUAGE_STANDARD = gnu11;
				GCC_DYNAMIC_NO_PIC = NO;
				GCC_NO_COMMON_BLOCKS = YES;
				GCC_OPTIMIZATION_LEVEL = 0;
				GCC_PREPROCESSOR_DEFINITIONS = (
					"DEBUG=1",
					"$(inherited)",
				);
				GCC_WARN_64_TO_32_BIT_CONVERSION = YES;
				GCC_WARN_ABOUT_RETURN_TYPE = YES_ERROR;
				GCC_WARN_UNDECLARED_SELECTOR = YES;
				GCC_WARN_UNINITIALIZED_AUTOS = YES_AGGRESSIVE;
				GCC_WARN_UNUSED_FUNCTION = YES;
				GCC_WARN_UNUSED_VARIABLE = YES;
				IPHONEOS_DEPLOYMENT_TARGET = 15.2;
				MTL_ENABLE_DEBUG_INFO = INCLUDE_SOURCE;
				MTL_FAST_MATH = YES;
				ONLY_ACTIVE_ARCH = YES;
				SDKROOT = iphoneos;
				SWIFT_ACTIVE_COMPILATION_CONDITIONS = DEBUG;
				SWIFT_OPTIMIZATION_LEVEL = "-Onone";
			};
			name = Debug;
		};
		9522595D27D6B24E009D61BB /* Release */ = {
			isa = XCBuildConfiguration;
			buildSettings = {
				ALWAYS_SEARCH_USER_PATHS = NO;
				CLANG_ANALYZER_NONNULL = YES;
				CLANG_ANALYZER_NUMBER_OBJECT_CONVERSION = YES_AGGRESSIVE;
				CLANG_CXX_LANGUAGE_STANDARD = "gnu++17";
				CLANG_CXX_LIBRARY = "libc++";
				CLANG_ENABLE_MODULES = YES;
				CLANG_ENABLE_OBJC_ARC = YES;
				CLANG_ENABLE_OBJC_WEAK = YES;
				CLANG_WARN_BLOCK_CAPTURE_AUTORELEASING = YES;
				CLANG_WARN_BOOL_CONVERSION = YES;
				CLANG_WARN_COMMA = YES;
				CLANG_WARN_CONSTANT_CONVERSION = YES;
				CLANG_WARN_DEPRECATED_OBJC_IMPLEMENTATIONS = YES;
				CLANG_WARN_DIRECT_OBJC_ISA_USAGE = YES_ERROR;
				CLANG_WARN_DOCUMENTATION_COMMENTS = YES;
				CLANG_WARN_EMPTY_BODY = YES;
				CLANG_WARN_ENUM_CONVERSION = YES;
				CLANG_WARN_INFINITE_RECURSION = YES;
				CLANG_WARN_INT_CONVERSION = YES;
				CLANG_WARN_NON_LITERAL_NULL_CONVERSION = YES;
				CLANG_WARN_OBJC_IMPLICIT_RETAIN_SELF = YES;
				CLANG_WARN_OBJC_LITERAL_CONVERSION = YES;
				CLANG_WARN_OBJC_ROOT_CLASS = YES_ERROR;
				CLANG_WARN_QUOTED_INCLUDE_IN_FRAMEWORK_HEADER = YES;
				CLANG_WARN_RANGE_LOOP_ANALYSIS = YES;
				CLANG_WARN_STRICT_PROTOTYPES = YES;
				CLANG_WARN_SUSPICIOUS_MOVE = YES;
				CLANG_WARN_UNGUARDED_AVAILABILITY = YES_AGGRESSIVE;
				CLANG_WARN_UNREACHABLE_CODE = YES;
				CLANG_WARN__DUPLICATE_METHOD_MATCH = YES;
				COPY_PHASE_STRIP = NO;
				DEBUG_INFORMATION_FORMAT = "dwarf-with-dsym";
				ENABLE_NS_ASSERTIONS = NO;
				ENABLE_STRICT_OBJC_MSGSEND = YES;
				GCC_C_LANGUAGE_STANDARD = gnu11;
				GCC_NO_COMMON_BLOCKS = YES;
				GCC_WARN_64_TO_32_BIT_CONVERSION = YES;
				GCC_WARN_ABOUT_RETURN_TYPE = YES_ERROR;
				GCC_WARN_UNDECLARED_SELECTOR = YES;
				GCC_WARN_UNINITIALIZED_AUTOS = YES_AGGRESSIVE;
				GCC_WARN_UNUSED_FUNCTION = YES;
				GCC_WARN_UNUSED_VARIABLE = YES;
				IPHONEOS_DEPLOYMENT_TARGET = 15.2;
				MTL_ENABLE_DEBUG_INFO = NO;
				MTL_FAST_MATH = YES;
				SDKROOT = iphoneos;
				SWIFT_COMPILATION_MODE = wholemodule;
				SWIFT_OPTIMIZATION_LEVEL = "-O";
				VALIDATE_PRODUCT = YES;
			};
			name = Release;
		};
		9522595F27D6B24E009D61BB /* Debug */ = {
			isa = XCBuildConfiguration;
			buildSettings = {
				ASSETCATALOG_COMPILER_APPICON_NAME = AppIcon;
				ASSETCATALOG_COMPILER_GLOBAL_ACCENT_COLOR_NAME = AccentColor;
				CODE_SIGN_IDENTITY = "Apple Development";
				CODE_SIGN_STYLE = Automatic;
				CURRENT_PROJECT_VERSION = 1;
				DEVELOPMENT_ASSET_PATHS = "\"GeoMap/Preview Content\"";
				DEVELOPMENT_TEAM = 8S8EJS2M66;
				ENABLE_PREVIEWS = YES;
				GENERATE_INFOPLIST_FILE = YES;
				INFOPLIST_KEY_NSLocationAlwaysAndWhenInUseUsageDescription = "We use your location to indicate whether or not you are inside the geofence.";
				INFOPLIST_KEY_NSLocationWhenInUseUsageDescription = "We use your location to indicate whether or not you are inside the geofence.";
				INFOPLIST_KEY_UIApplicationSceneManifest_Generation = YES;
				INFOPLIST_KEY_UIApplicationSupportsIndirectInputEvents = YES;
				INFOPLIST_KEY_UILaunchScreen_Generation = YES;
				INFOPLIST_KEY_UISupportedInterfaceOrientations_iPad = "UIInterfaceOrientationPortrait UIInterfaceOrientationPortraitUpsideDown UIInterfaceOrientationLandscapeLeft UIInterfaceOrientationLandscapeRight";
				INFOPLIST_KEY_UISupportedInterfaceOrientations_iPhone = "UIInterfaceOrientationPortrait UIInterfaceOrientationLandscapeLeft UIInterfaceOrientationLandscapeRight";
				LD_RUNPATH_SEARCH_PATHS = (
					"$(inherited)",
					"@executable_path/Frameworks",
				);
				MARKETING_VERSION = 1.0;
				PRODUCT_BUNDLE_IDENTIFIER = com.lanu.geofence;
				PRODUCT_NAME = "$(TARGET_NAME)";
				PROVISIONING_PROFILE_SPECIFIER = "";
				SWIFT_EMIT_LOC_STRINGS = YES;
				SWIFT_VERSION = 5.0;
				TARGETED_DEVICE_FAMILY = "1,2";
			};
			name = Debug;
		};
		9522596027D6B24E009D61BB /* Release */ = {
			isa = XCBuildConfiguration;
			buildSettings = {
				ASSETCATALOG_COMPILER_APPICON_NAME = AppIcon;
				ASSETCATALOG_COMPILER_GLOBAL_ACCENT_COLOR_NAME = AccentColor;
				CODE_SIGN_IDENTITY = "Apple Development";
				CODE_SIGN_STYLE = Automatic;
				CURRENT_PROJECT_VERSION = 1;
				DEVELOPMENT_ASSET_PATHS = "\"GeoMap/Preview Content\"";
				DEVELOPMENT_TEAM = 8S8EJS2M66;
				ENABLE_PREVIEWS = YES;
				GENERATE_INFOPLIST_FILE = YES;
				INFOPLIST_KEY_NSLocationAlwaysAndWhenInUseUsageDescription = "We use your location to indicate whether or not you are inside the geofence.";
				INFOPLIST_KEY_NSLocationWhenInUseUsageDescription = "We use your location to indicate whether or not you are inside the geofence.";
				INFOPLIST_KEY_UIApplicationSceneManifest_Generation = YES;
				INFOPLIST_KEY_UIApplicationSupportsIndirectInputEvents = YES;
				INFOPLIST_KEY_UILaunchScreen_Generation = YES;
				INFOPLIST_KEY_UISupportedInterfaceOrientations_iPad = "UIInterfaceOrientationPortrait UIInterfaceOrientationPortraitUpsideDown UIInterfaceOrientationLandscapeLeft UIInterfaceOrientationLandscapeRight";
				INFOPLIST_KEY_UISupportedInterfaceOrientations_iPhone = "UIInterfaceOrientationPortrait UIInterfaceOrientationLandscapeLeft UIInterfaceOrientationLandscapeRight";
				LD_RUNPATH_SEARCH_PATHS = (
					"$(inherited)",
					"@executable_path/Frameworks",
				);
				MARKETING_VERSION = 1.0;
				PRODUCT_BUNDLE_IDENTIFIER = com.lanu.geofence;
				PRODUCT_NAME = "$(TARGET_NAME)";
				PROVISIONING_PROFILE_SPECIFIER = "";
				SWIFT_EMIT_LOC_STRINGS = YES;
				SWIFT_VERSION = 5.0;
				TARGETED_DEVICE_FAMILY = "1,2";
			};
			name = Release;
		};
/* End XCBuildConfiguration section */

/* Begin XCConfigurationList section */
		9522594B27D6B24E009D61BB /* Build configuration list for PBXProject "GeoMap" */ = {
			isa = XCConfigurationList;
			buildConfigurations = (
				9522595C27D6B24E009D61BB /* Debug */,
				9522595D27D6B24E009D61BB /* Release */,
			);
			defaultConfigurationIsVisible = 0;
			defaultConfigurationName = Release;
		};
		9522595E27D6B24E009D61BB /* Build configuration list for PBXNativeTarget "GeoMap" */ = {
			isa = XCConfigurationList;
			buildConfigurations = (
				9522595F27D6B24E009D61BB /* Debug */,
				9522596027D6B24E009D61BB /* Release */,
			);
			defaultConfigurationIsVisible = 0;
			defaultConfigurationName = Release;
		};
/* End XCConfigurationList section */
	};
	rootObject = 9522594827D6B24E009D61BB /* Project object */;
}
